schema: '2.0'
stages:
  data_ingestion:
    cmd: python src/cnnClassifier/pipeline/stage_01_data_ingestion.py
    deps:
    - path: config/config.yaml
      hash: md5
      md5: 5f4367dcac22b6630ed2d2cea6dcb083
      size: 565
    - path: src/cnnClassifier/pipeline/stage_01_data_ingestion.py
      hash: md5
      md5: 79cd2c7029f1d373fec5c9b723abf20a
      size: 1287
    outs:
    - path: artifacts/data_ingestion/Chest-CT-Scan-data
      hash: md5
      md5: b3f668b18482983a563e960d46ad94c8.dir
      size: 49257675
      nfiles: 344
  prepare_base_model:
    cmd: python src/cnnClassifier/pipeline/stage_02_prepare_base_model.py
    deps:
    - path: config/config.yaml
      hash: md5
      md5: 5f4367dcac22b6630ed2d2cea6dcb083
      size: 565
    - path: src/cnnClassifier/pipeline/stage_02_prepare_base_model.py
      hash: md5
      md5: 30c63470719d961e32045908b7c0772d
      size: 966
    params:
      params.yaml:
        CLASSES: 2
        IMAGE_SIZE:
        - 224
        - 224
        - 3
        INCLUDE_TOP: false
        LEARNING_RATE: 0.02
        WEIGHTS: imagenet
    outs:
    - path: artifacts/prepare_base_model
      hash: md5
      md5: a6bc91a7abcf62924fa3e3b24a699ee4.dir
      size: 118059248
      nfiles: 2
  training:
    cmd: python src/cnnClassifier/pipeline/stage_03_model_trainer.py
    deps:
    - path: artifacts/data_ingestion/Chest-CT-Scan-data
      hash: md5
      md5: b3f668b18482983a563e960d46ad94c8.dir
      size: 49257675
      nfiles: 344
    - path: artifacts/prepare_base_model
      hash: md5
      md5: a6bc91a7abcf62924fa3e3b24a699ee4.dir
      size: 118059248
      nfiles: 2
    - path: config/config.yaml
      hash: md5
      md5: 5f4367dcac22b6630ed2d2cea6dcb083
      size: 565
    - path: src/cnnClassifier/pipeline/stage_03_model_trainer.py
      hash: md5
      md5: e0e582abcecb7ec4c1e6897ac88ca9d0
      size: 883
    params:
      params.yaml:
        AUGMENTATION: true
        BATCH_SIZE: 16
        EPOCHS: 2
        IMAGE_SIZE:
        - 224
        - 224
        - 3
    outs:
    - path: artifacts/training/model.h5
      hash: md5
      md5: 5d4dad87dbcb091ca846344a073e1c73
      size: 59340720
  evaluation:
    cmd: python src/cnnClassifier/pipeline/stage_04_model_evaluation.py
    deps:
    - path: artifacts/data_ingestion/Chest-CT-Scan-data
      hash: md5
      md5: b3f668b18482983a563e960d46ad94c8.dir
      size: 49257675
      nfiles: 344
    - path: artifacts/training/model.h5
      hash: md5
      md5: 5d4dad87dbcb091ca846344a073e1c73
      size: 59340720
    - path: config/config.yaml
      hash: md5
      md5: 5f4367dcac22b6630ed2d2cea6dcb083
      size: 565
    - path: src/cnnClassifier/pipeline/stage_04_model_evaluation.py
      hash: md5
      md5: 379e3292267f3cf357a471f80c256a40
      size: 902
    params:
      params.yaml:
        BATCH_SIZE: 16
        IMAGE_SIZE:
        - 224
        - 224
        - 3
    outs:
    - path: scores.json
      hash: md5
      md5: 6683cd271b5bcc76252468333a321c78
      size: 70
